{
  "name": "test",
  "version": "0.0.0",
  "lockfileVersion": 1,
  "requires": true,
  "dependencies": {
    "velocity-animate": {
      "version": "1.5.0",
      "resolved": "http://registry.npm.taobao.org/velocity-animate/download/velocity-animate-1.5.0.tgz",
      "integrity": "sha1-/Idx2N/hE2/wKnB+EPuwlXxLAw8=",
      "dev": true
    }
  }
}
